
Microsoft Visual Studio Solution File, Format Version 11.00
# Visual Studio 2010
Project("{8BC9CEB8-8B4A-11D0-8D11-00A0C91BC942}") = "3d", "3d.vcxproj", "{C690F7A6-33E7-4BBC-B623-C59C0E8B6C71}"
EndProject
Project("{8BC9CEB8-8B4A-11D0-8D11-00A0C91BC942}") = "asyncio", "asyncio.vcxproj", "{E4E3A6D8-3384-4594-B173-462AA061FED8}"
EndProject
Project("{8BC9CEB8-8B4A-11D0-8D11-00A0C91BC942}") = "channel_groups", "channel_groups.vcxproj", "{4100515E-A985-45B1-BFE9-A2CC1F42C31B}"
EndProject
Project("{8BC9CEB8-8B4A-11D0-8D11-00A0C91BC942}") = "convolution_reverb", "convolution_reverb.vcxproj", "{AC5E021D-3CA5-4EC3-8E77-3CDA1DDF0912}"
EndProject
Project("{8BC9CEB8-8B4A-11D0-8D11-00A0C91BC942}") = "dsp_custom", "dsp_custom.vcxproj", "{E933F67B-AC5C-424A-8953-4634B06AB5B8}"
EndProject
Project("{8BC9CEB8-8B4A-11D0-8D11-00A0C91BC942}") = "dsp_effect_per_speaker", "dsp_effect_per_speaker.vcxproj", "{443D4DE3-0626-47B1-841C-C33F79947676}"
EndProject
Project("{8BC9CEB8-8B4A-11D0-8D11-00A0C91BC942}") = "dsp_inspector", "dsp_inspector.vcxproj", "{4055B72B-18CE-455F-A032-F9018D3FA87B}"
EndProject
Project("{8BC9CEB8-8B4A-11D0-8D11-00A0C91BC942}") = "effects", "effects.vcxproj", "{1B5D9961-FFF9-4124-B103-80F32793CF59}"
EndProject
Project("{8BC9CEB8-8B4A-11D0-8D11-00A0C91BC942}") = "gapless_playback", "gapless_playback.vcxproj", "{A4F353A8-8B5F-4108-83C6-1115EE329274}"
EndProject
Project("{8BC9CEB8-8B4A-11D0-8D11-00A0C91BC942}") = "generate_tone", "generate_tone.vcxproj", "{D5872804-E93B-40B1-9509-DDA000098BCD}"
EndProject
Project("{8BC9CEB8-8B4A-11D0-8D11-00A0C91BC942}") = "granular_synth", "granular_synth.vcxproj", "{7874D626-E1B7-4131-BDFB-4A1B488870E7}"
EndProject
Project("{8BC9CEB8-8B4A-11D0-8D11-00A0C91BC942}") = "load_from_memory", "load_from_memory.vcxproj", "{5D2CFEF2-3C4C-46EC-90A8-A583603997C1}"
EndProject
Project("{8BC9CEB8-8B4A-11D0-8D11-00A0C91BC942}") = "multiple_speaker", "multiple_speaker.vcxproj", "{707F19F0-C2E0-49D7-A215-8812230B8695}"
EndProject
Project("{8BC9CEB8-8B4A-11D0-8D11-00A0C91BC942}") = "multiple_system", "multiple_system.vcxproj", "{1F557EF1-F395-4254-B89A-ABDEE2E0925D}"
EndProject
Project("{8BC9CEB8-8B4A-11D0-8D11-00A0C91BC942}") = "net_stream", "net_stream.vcxproj", "{A438EB08-DB41-444D-B4DE-527249724A16}"
EndProject
Project("{8BC9CEB8-8B4A-11D0-8D11-00A0C91BC942}") = "play_sound", "play_sound.vcxproj", "{A8CBA955-8868-4FDD-BC44-9D27D6521185}"
EndProject
Project("{8BC9CEB8-8B4A-11D0-8D11-00A0C91BC942}") = "play_stream", "play_stream.vcxproj", "{753AEF70-25FB-481C-844F-9A3E1BACB76E}"
EndProject
Project("{8BC9CEB8-8B4A-11D0-8D11-00A0C91BC942}") = "record", "record.vcxproj", "{C8DA0659-DB9F-471E-ABBB-D55996923DC1}"
EndProject
Project("{8BC9CEB8-8B4A-11D0-8D11-00A0C91BC942}") = "record_enumeration", "record_enumeration.vcxproj", "{34F70BB1-486D-4BEF-8D94-DC7ED1EDD543}"
EndProject
Project("{8BC9CEB8-8B4A-11D0-8D11-00A0C91BC942}") = "user_created_sound", "user_created_sound.vcxproj", "{5955B271-928C-4B71-9FE4-3616258F0EED}"
EndProject
Project("{8BC9CEB8-8B4A-11D0-8D11-00A0C91BC942}") = "fmod_codec_raw", "fmod_codec_raw.vcxproj", "{72D1B647-9507-4F2F-96EB-AAF4ADF1B11C}"
EndProject
Project("{8BC9CEB8-8B4A-11D0-8D11-00A0C91BC942}") = "fmod_distance_filter", "fmod_distance_filter.vcxproj", "{7F880EC4-B4E7-4262-9B87-40CED8CD292C}"
EndProject
Project("{8BC9CEB8-8B4A-11D0-8D11-00A0C91BC942}") = "fmod_gain", "fmod_gain.vcxproj", "{4BCF4666-9545-41BF-9E22-ECD588879B43}"
EndProject
Project("{8BC9CEB8-8B4A-11D0-8D11-00A0C91BC942}") = "fmod_noise", "fmod_noise.vcxproj", "{C57AB9A7-A48D-48F3-BD31-6E9D0CBF90DA}"
EndProject
Project("{8BC9CEB8-8B4A-11D0-8D11-00A0C91BC942}") = "output_mp3", "output_mp3.vcxproj", "{749CB143-E5D8-43EB-9537-22F48C24A695}"
EndProject
Global
	GlobalSection(SolutionConfigurationPlatforms) = preSolution
		Debug|Win32 = Debug|Win32
		Debug|x64 = Debug|x64
		Release|Win32 = Release|Win32
		Release|x64 = Release|x64
	EndGlobalSection
	GlobalSection(ProjectConfigurationPlatforms) = postSolution
		{C690F7A6-33E7-4BBC-B623-C59C0E8B6C71}.Debug|Win32.ActiveCfg = Debug|Win32
		{C690F7A6-33E7-4BBC-B623-C59C0E8B6C71}.Debug|Win32.Build.0 = Debug|Win32
		{C690F7A6-33E7-4BBC-B623-C59C0E8B6C71}.Debug|Win32.Deploy.0 = Debug|Win32
		{C690F7A6-33E7-4BBC-B623-C59C0E8B6C71}.Debug|x64.ActiveCfg = Debug|x64
		{C690F7A6-33E7-4BBC-B623-C59C0E8B6C71}.Debug|x64.Build.0 = Debug|x64
		{C690F7A6-33E7-4BBC-B623-C59C0E8B6C71}.Debug|x64.Deploy.0 = Debug|x64
		{C690F7A6-33E7-4BBC-B623-C59C0E8B6C71}.Release|Win32.ActiveCfg = Release|Win32
		{C690F7A6-33E7-4BBC-B623-C59C0E8B6C71}.Release|Win32.Build.0 = Release|Win32
		{C690F7A6-33E7-4BBC-B623-C59C0E8B6C71}.Release|Win32.Deploy.0 = Release|Win32
		{C690F7A6-33E7-4BBC-B623-C59C0E8B6C71}.Release|x64.ActiveCfg = Release|x64
		{C690F7A6-33E7-4BBC-B623-C59C0E8B6C71}.Release|x64.Build.0 = Release|x64
		{C690F7A6-33E7-4BBC-B623-C59C0E8B6C71}.Release|x64.Deploy.0 = Release|x64
		{E4E3A6D8-3384-4594-B173-462AA061FED8}.Debug|Win32.ActiveCfg = Debug|Win32
		{E4E3A6D8-3384-4594-B173-462AA061FED8}.Debug|Win32.Build.0 = Debug|Win32
		{E4E3A6D8-3384-4594-B173-462AA061FED8}.Debug|Win32.Deploy.0 = Debug|Win32
		{E4E3A6D8-3384-4594-B173-462AA061FED8}.Debug|x64.ActiveCfg = Debug|x64
		{E4E3A6D8-3384-4594-B173-462AA061FED8}.Debug|x64.Build.0 = Debug|x64
		{E4E3A6D8-3384-4594-B173-462AA061FED8}.Debug|x64.Deploy.0 = Debug|x64
		{E4E3A6D8-3384-4594-B173-462AA061FED8}.Release|Win32.ActiveCfg = Release|Win32
		{E4E3A6D8-3384-4594-B173-462AA061FED8}.Release|Win32.Build.0 = Release|Win32
		{E4E3A6D8-3384-4594-B173-462AA061FED8}.Release|Win32.Deploy.0 = Release|Win32
		{E4E3A6D8-3384-4594-B173-462AA061FED8}.Release|x64.ActiveCfg = Release|x64
		{E4E3A6D8-3384-4594-B173-462AA061FED8}.Release|x64.Build.0 = Release|x64
		{E4E3A6D8-3384-4594-B173-462AA061FED8}.Release|x64.Deploy.0 = Release|x64
		{4100515E-A985-45B1-BFE9-A2CC1F42C31B}.Debug|Win32.ActiveCfg = Debug|Win32
		{4100515E-A985-45B1-BFE9-A2CC1F42C31B}.Debug|Win32.Build.0 = Debug|Win32
		{4100515E-A985-45B1-BFE9-A2CC1F42C31B}.Debug|Win32.Deploy.0 = Debug|Win32
		{4100515E-A985-45B1-BFE9-A2CC1F42C31B}.Debug|x64.ActiveCfg = Debug|x64
		{4100515E-A985-45B1-BFE9-A2CC1F42C31B}.Debug|x64.Build.0 = Debug|x64
		{4100515E-A985-45B1-BFE9-A2CC1F42C31B}.Debug|x64.Deploy.0 = Debug|x64
		{4100515E-A985-45B1-BFE9-A2CC1F42C31B}.Release|Win32.ActiveCfg = Release|Win32
		{4100515E-A985-45B1-BFE9-A2CC1F42C31B}.Release|Win32.Build.0 = Release|Win32
		{4100515E-A985-45B1-BFE9-A2CC1F42C31B}.Release|Win32.Deploy.0 = Release|Win32
		{4100515E-A985-45B1-BFE9-A2CC1F42C31B}.Release|x64.ActiveCfg = Release|x64
		{4100515E-A985-45B1-BFE9-A2CC1F42C31B}.Release|x64.Build.0 = Release|x64
		{4100515E-A985-45B1-BFE9-A2CC1F42C31B}.Release|x64.Deploy.0 = Release|x64
		{AC5E021D-3CA5-4EC3-8E77-3CDA1DDF0912}.Debug|Win32.ActiveCfg = Debug|Win32
		{AC5E021D-3CA5-4EC3-8E77-3CDA1DDF0912}.Debug|Win32.Build.0 = Debug|Win32
		{AC5E021D-3CA5-4EC3-8E77-3CDA1DDF0912}.Debug|Win32.Deploy.0 = Debug|Win32
		{AC5E021D-3CA5-4EC3-8E77-3CDA1DDF0912}.Debug|x64.ActiveCfg = Debug|x64
		{AC5E021D-3CA5-4EC3-8E77-3CDA1DDF0912}.Debug|x64.Build.0 = Debug|x64
		{AC5E021D-3CA5-4EC3-8E77-3CDA1DDF0912}.Debug|x64.Deploy.0 = Debug|x64
		{AC5E021D-3CA5-4EC3-8E77-3CDA1DDF0912}.Release|Win32.ActiveCfg = Release|Win32
		{AC5E021D-3CA5-4EC3-8E77-3CDA1DDF0912}.Release|Win32.Build.0 = Release|Win32
		{AC5E021D-3CA5-4EC3-8E77-3CDA1DDF0912}.Release|Win32.Deploy.0 = Release|Win32
		{AC5E021D-3CA5-4EC3-8E77-3CDA1DDF0912}.Release|x64.ActiveCfg = Release|x64
		{AC5E021D-3CA5-4EC3-8E77-3CDA1DDF0912}.Release|x64.Build.0 = Release|x64
		{AC5E021D-3CA5-4EC3-8E77-3CDA1DDF0912}.Release|x64.Deploy.0 = Release|x64
		{E933F67B-AC5C-424A-8953-4634B06AB5B8}.Debug|Win32.ActiveCfg = Debug|Win32
		{E933F67B-AC5C-424A-8953-4634B06AB5B8}.Debug|Win32.Build.0 = Debug|Win32
		{E933F67B-AC5C-424A-8953-4634B06AB5B8}.Debug|Win32.Deploy.0 = Debug|Win32
		{E933F67B-AC5C-424A-8953-4634B06AB5B8}.Debug|x64.ActiveCfg = Debug|x64
		{E933F67B-AC5C-424A-8953-4634B06AB5B8}.Debug|x64.Build.0 = Debug|x64
		{E933F67B-AC5C-424A-8953-4634B06AB5B8}.Debug|x64.Deploy.0 = Debug|x64
		{E933F67B-AC5C-424A-8953-4634B06AB5B8}.Release|Win32.ActiveCfg = Release|Win32
		{E933F67B-AC5C-424A-8953-4634B06AB5B8}.Release|Win32.Build.0 = Release|Win32
		{E933F67B-AC5C-424A-8953-4634B06AB5B8}.Release|Win32.Deploy.0 = Release|Win32
		{E933F67B-AC5C-424A-8953-4634B06AB5B8}.Release|x64.ActiveCfg = Release|x64
		{E933F67B-AC5C-424A-8953-4634B06AB5B8}.Release|x64.Build.0 = Release|x64
		{E933F67B-AC5C-424A-8953-4634B06AB5B8}.Release|x64.Deploy.0 = Release|x64
		{443D4DE3-0626-47B1-841C-C33F79947676}.Debug|Win32.ActiveCfg = Debug|Win32
		{443D4DE3-0626-47B1-841C-C33F79947676}.Debug|Win32.Build.0 = Debug|Win32
		{443D4DE3-0626-47B1-841C-C33F79947676}.Debug|Win32.Deploy.0 = Debug|Win32
		{443D4DE3-0626-47B1-841C-C33F79947676}.Debug|x64.ActiveCfg = Debug|x64
		{443D4DE3-0626-47B1-841C-C33F79947676}.Debug|x64.Build.0 = Debug|x64
		{443D4DE3-0626-47B1-841C-C33F79947676}.Debug|x64.Deploy.0 = Debug|x64
		{443D4DE3-0626-47B1-841C-C33F79947676}.Release|Win32.ActiveCfg = Release|Win32
		{443D4DE3-0626-47B1-841C-C33F79947676}.Release|Win32.Build.0 = Release|Win32
		{443D4DE3-0626-47B1-841C-C33F79947676}.Release|Win32.Deploy.0 = Release|Win32
		{443D4DE3-0626-47B1-841C-C33F79947676}.Release|x64.ActiveCfg = Release|x64
		{443D4DE3-0626-47B1-841C-C33F79947676}.Release|x64.Build.0 = Release|x64
		{443D4DE3-0626-47B1-841C-C33F79947676}.Release|x64.Deploy.0 = Release|x64
		{4055B72B-18CE-455F-A032-F9018D3FA87B}.Debug|Win32.ActiveCfg = Debug|Win32
		{4055B72B-18CE-455F-A032-F9018D3FA87B}.Debug|Win32.Build.0 = Debug|Win32
		{4055B72B-18CE-455F-A032-F9018D3FA87B}.Debug|Win32.Deploy.0 = Debug|Win32
		{4055B72B-18CE-455F-A032-F9018D3FA87B}.Debug|x64.ActiveCfg = Debug|x64
		{4055B72B-18CE-455F-A032-F9018D3FA87B}.Debug|x64.Build.0 = Debug|x64
		{4055B72B-18CE-455F-A032-F9018D3FA87B}.Debug|x64.Deploy.0 = Debug|x64
		{4055B72B-18CE-455F-A032-F9018D3FA87B}.Release|Win32.ActiveCfg = Release|Win32
		{4055B72B-18CE-455F-A032-F9018D3FA87B}.Release|Win32.Build.0 = Release|Win32
		{4055B72B-18CE-455F-A032-F9018D3FA87B}.Release|Win32.Deploy.0 = Release|Win32
		{4055B72B-18CE-455F-A032-F9018D3FA87B}.Release|x64.ActiveCfg = Release|x64
		{4055B72B-18CE-455F-A032-F9018D3FA87B}.Release|x64.Build.0 = Release|x64
		{4055B72B-18CE-455F-A032-F9018D3FA87B}.Release|x64.Deploy.0 = Release|x64
		{1B5D9961-FFF9-4124-B103-80F32793CF59}.Debug|Win32.ActiveCfg = Debug|Win32
		{1B5D9961-FFF9-4124-B103-80F32793CF59}.Debug|Win32.Build.0 = Debug|Win32
		{1B5D9961-FFF9-4124-B103-80F32793CF59}.Debug|Win32.Deploy.0 = Debug|Win32
		{1B5D9961-FFF9-4124-B103-80F32793CF59}.Debug|x64.ActiveCfg = Debug|x64
		{1B5D9961-FFF9-4124-B103-80F32793CF59}.Debug|x64.Build.0 = Debug|x64
		{1B5D9961-FFF9-4124-B103-80F32793CF59}.Debug|x64.Deploy.0 = Debug|x64
		{1B5D9961-FFF9-4124-B103-80F32793CF59}.Release|Win32.ActiveCfg = Release|Win32
		{1B5D9961-FFF9-4124-B103-80F32793CF59}.Release|Win32.Build.0 = Release|Win32
		{1B5D9961-FFF9-4124-B103-80F32793CF59}.Release|Win32.Deploy.0 = Release|Win32
		{1B5D9961-FFF9-4124-B103-80F32793CF59}.Release|x64.ActiveCfg = Release|x64
		{1B5D9961-FFF9-4124-B103-80F32793CF59}.Release|x64.Build.0 = Release|x64
		{1B5D9961-FFF9-4124-B103-80F32793CF59}.Release|x64.Deploy.0 = Release|x64
		{A4F353A8-8B5F-4108-83C6-1115EE329274}.Debug|Win32.ActiveCfg = Debug|Win32
		{A4F353A8-8B5F-4108-83C6-1115EE329274}.Debug|Win32.Build.0 = Debug|Win32
		{A4F353A8-8B5F-4108-83C6-1115EE329274}.Debug|Win32.Deploy.0 = Debug|Win32
		{A4F353A8-8B5F-4108-83C6-1115EE329274}.Debug|x64.ActiveCfg = Debug|x64
		{A4F353A8-8B5F-4108-83C6-1115EE329274}.Debug|x64.Build.0 = Debug|x64
		{A4F353A8-8B5F-4108-83C6-1115EE329274}.Debug|x64.Deploy.0 = Debug|x64
		{A4F353A8-8B5F-4108-83C6-1115EE329274}.Release|Win32.ActiveCfg = Release|Win32
		{A4F353A8-8B5F-4108-83C6-1115EE329274}.Release|Win32.Build.0 = Release|Win32
		{A4F353A8-8B5F-4108-83C6-1115EE329274}.Release|Win32.Deploy.0 = Release|Win32
		{A4F353A8-8B5F-4108-83C6-1115EE329274}.Release|x64.ActiveCfg = Release|x64
		{A4F353A8-8B5F-4108-83C6-1115EE329274}.Release|x64.Build.0 = Release|x64
		{A4F353A8-8B5F-4108-83C6-1115EE329274}.Release|x64.Deploy.0 = Release|x64
		{D5872804-E93B-40B1-9509-DDA000098BCD}.Debug|Win32.ActiveCfg = Debug|Win32
		{D5872804-E93B-40B1-9509-DDA000098BCD}.Debug|Win32.Build.0 = Debug|Win32
		{D5872804-E93B-40B1-9509-DDA000098BCD}.Debug|Win32.Deploy.0 = Debug|Win32
		{D5872804-E93B-40B1-9509-DDA000098BCD}.Debug|x64.ActiveCfg = Debug|x64
		{D5872804-E93B-40B1-9509-DDA000098BCD}.Debug|x64.Build.0 = Debug|x64
		{D5872804-E93B-40B1-9509-DDA000098BCD}.Debug|x64.Deploy.0 = Debug|x64
		{D5872804-E93B-40B1-9509-DDA000098BCD}.Release|Win32.ActiveCfg = Release|Win32
		{D5872804-E93B-40B1-9509-DDA000098BCD}.Release|Win32.Build.0 = Release|Win32
		{D5872804-E93B-40B1-9509-DDA000098BCD}.Release|Win32.Deploy.0 = Release|Win32
		{D5872804-E93B-40B1-9509-DDA000098BCD}.Release|x64.ActiveCfg = Release|x64
		{D5872804-E93B-40B1-9509-DDA000098BCD}.Release|x64.Build.0 = Release|x64
		{D5872804-E93B-40B1-9509-DDA000098BCD}.Release|x64.Deploy.0 = Release|x64
		{7874D626-E1B7-4131-BDFB-4A1B488870E7}.Debug|Win32.ActiveCfg = Debug|Win32
		{7874D626-E1B7-4131-BDFB-4A1B488870E7}.Debug|Win32.Build.0 = Debug|Win32
		{7874D626-E1B7-4131-BDFB-4A1B488870E7}.Debug|Win32.Deploy.0 = Debug|Win32
		{7874D626-E1B7-4131-BDFB-4A1B488870E7}.Debug|x64.ActiveCfg = Debug|x64
		{7874D626-E1B7-4131-BDFB-4A1B488870E7}.Debug|x64.Build.0 = Debug|x64
		{7874D626-E1B7-4131-BDFB-4A1B488870E7}.Debug|x64.Deploy.0 = Debug|x64
		{7874D626-E1B7-4131-BDFB-4A1B488870E7}.Release|Win32.ActiveCfg = Release|Win32
		{7874D626-E1B7-4131-BDFB-4A1B488870E7}.Release|Win32.Build.0 = Release|Win32
		{7874D626-E1B7-4131-BDFB-4A1B488870E7}.Release|Win32.Deploy.0 = Release|Win32
		{7874D626-E1B7-4131-BDFB-4A1B488870E7}.Release|x64.ActiveCfg = Release|x64
		{7874D626-E1B7-4131-BDFB-4A1B488870E7}.Release|x64.Build.0 = Release|x64
		{7874D626-E1B7-4131-BDFB-4A1B488870E7}.Release|x64.Deploy.0 = Release|x64
		{5D2CFEF2-3C4C-46EC-90A8-A583603997C1}.Debug|Win32.ActiveCfg = Debug|Win32
		{5D2CFEF2-3C4C-46EC-90A8-A583603997C1}.Debug|Win32.Build.0 = Debug|Win32
		{5D2CFEF2-3C4C-46EC-90A8-A583603997C1}.Debug|Win32.Deploy.0 = Debug|Win32
		{5D2CFEF2-3C4C-46EC-90A8-A583603997C1}.Debug|x64.ActiveCfg = Debug|x64
		{5D2CFEF2-3C4C-46EC-90A8-A583603997C1}.Debug|x64.Build.0 = Debug|x64
		{5D2CFEF2-3C4C-46EC-90A8-A583603997C1}.Debug|x64.Deploy.0 = Debug|x64
		{5D2CFEF2-3C4C-46EC-90A8-A583603997C1}.Release|Win32.ActiveCfg = Release|Win32
		{5D2CFEF2-3C4C-46EC-90A8-A583603997C1}.Release|Win32.Build.0 = Release|Win32
		{5D2CFEF2-3C4C-46EC-90A8-A583603997C1}.Release|Win32.Deploy.0 = Release|Win32
		{5D2CFEF2-3C4C-46EC-90A8-A583603997C1}.Release|x64.ActiveCfg = Release|x64
		{5D2CFEF2-3C4C-46EC-90A8-A583603997C1}.Release|x64.Build.0 = Release|x64
		{5D2CFEF2-3C4C-46EC-90A8-A583603997C1}.Release|x64.Deploy.0 = Release|x64
		{707F19F0-C2E0-49D7-A215-8812230B8695}.Debug|Win32.ActiveCfg = Debug|Win32
		{707F19F0-C2E0-49D7-A215-8812230B8695}.Debug|Win32.Build.0 = Debug|Win32
		{707F19F0-C2E0-49D7-A215-8812230B8695}.Debug|Win32.Deploy.0 = Debug|Win32
		{707F19F0-C2E0-49D7-A215-8812230B8695}.Debug|x64.ActiveCfg = Debug|x64
		{707F19F0-C2E0-49D7-A215-8812230B8695}.Debug|x64.Build.0 = Debug|x64
		{707F19F0-C2E0-49D7-A215-8812230B8695}.Debug|x64.Deploy.0 = Debug|x64
		{707F19F0-C2E0-49D7-A215-8812230B8695}.Release|Win32.ActiveCfg = Release|Win32
		{707F19F0-C2E0-49D7-A215-8812230B8695}.Release|Win32.Build.0 = Release|Win32
		{707F19F0-C2E0-49D7-A215-8812230B8695}.Release|Win32.Deploy.0 = Release|Win32
		{707F19F0-C2E0-49D7-A215-8812230B8695}.Release|x64.ActiveCfg = Release|x64
		{707F19F0-C2E0-49D7-A215-8812230B8695}.Release|x64.Build.0 = Release|x64
		{707F19F0-C2E0-49D7-A215-8812230B8695}.Release|x64.Deploy.0 = Release|x64
		{1F557EF1-F395-4254-B89A-ABDEE2E0925D}.Debug|Win32.ActiveCfg = Debug|Win32
		{1F557EF1-F395-4254-B89A-ABDEE2E0925D}.Debug|Win32.Build.0 = Debug|Win32
		{1F557EF1-F395-4254-B89A-ABDEE2E0925D}.Debug|Win32.Deploy.0 = Debug|Win32
		{1F557EF1-F395-4254-B89A-ABDEE2E0925D}.Debug|x64.ActiveCfg = Debug|x64
		{1F557EF1-F395-4254-B89A-ABDEE2E0925D}.Debug|x64.Build.0 = Debug|x64
		{1F557EF1-F395-4254-B89A-ABDEE2E0925D}.Debug|x64.Deploy.0 = Debug|x64
		{1F557EF1-F395-4254-B89A-ABDEE2E0925D}.Release|Win32.ActiveCfg = Release|Win32
		{1F557EF1-F395-4254-B89A-ABDEE2E0925D}.Release|Win32.Build.0 = Release|Win32
		{1F557EF1-F395-4254-B89A-ABDEE2E0925D}.Release|Win32.Deploy.0 = Release|Win32
		{1F557EF1-F395-4254-B89A-ABDEE2E0925D}.Release|x64.ActiveCfg = Release|x64
		{1F557EF1-F395-4254-B89A-ABDEE2E0925D}.Release|x64.Build.0 = Release|x64
		{1F557EF1-F395-4254-B89A-ABDEE2E0925D}.Release|x64.Deploy.0 = Release|x64
		{A438EB08-DB41-444D-B4DE-527249724A16}.Debug|Win32.ActiveCfg = Debug|Win32
		{A438EB08-DB41-444D-B4DE-527249724A16}.Debug|Win32.Build.0 = Debug|Win32
		{A438EB08-DB41-444D-B4DE-527249724A16}.Debug|Win32.Deploy.0 = Debug|Win32
		{A438EB08-DB41-444D-B4DE-527249724A16}.Debug|x64.ActiveCfg = Debug|x64
		{A438EB08-DB41-444D-B4DE-527249724A16}.Debug|x64.Build.0 = Debug|x64
		{A438EB08-DB41-444D-B4DE-527249724A16}.Debug|x64.Deploy.0 = Debug|x64
		{A438EB08-DB41-444D-B4DE-527249724A16}.Release|Win32.ActiveCfg = Release|Win32
		{A438EB08-DB41-444D-B4DE-527249724A16}.Release|Win32.Build.0 = Release|Win32
		{A438EB08-DB41-444D-B4DE-527249724A16}.Release|Win32.Deploy.0 = Release|Win32
		{A438EB08-DB41-444D-B4DE-527249724A16}.Release|x64.ActiveCfg = Release|x64
		{A438EB08-DB41-444D-B4DE-527249724A16}.Release|x64.Build.0 = Release|x64
		{A438EB08-DB41-444D-B4DE-527249724A16}.Release|x64.Deploy.0 = Release|x64
		{A8CBA955-8868-4FDD-BC44-9D27D6521185}.Debug|Win32.ActiveCfg = Debug|Win32
		{A8CBA955-8868-4FDD-BC44-9D27D6521185}.Debug|Win32.Build.0 = Debug|Win32
		{A8CBA955-8868-4FDD-BC44-9D27D6521185}.Debug|Win32.Deploy.0 = Debug|Win32
		{A8CBA955-8868-4FDD-BC44-9D27D6521185}.Debug|x64.ActiveCfg = Debug|x64
		{A8CBA955-8868-4FDD-BC44-9D27D6521185}.Debug|x64.Build.0 = Debug|x64
		{A8CBA955-8868-4FDD-BC44-9D27D6521185}.Debug|x64.Deploy.0 = Debug|x64
		{A8CBA955-8868-4FDD-BC44-9D27D6521185}.Release|Win32.ActiveCfg = Release|Win32
		{A8CBA955-8868-4FDD-BC44-9D27D6521185}.Release|Win32.Build.0 = Release|Win32
		{A8CBA955-8868-4FDD-BC44-9D27D6521185}.Release|Win32.Deploy.0 = Release|Win32
		{A8CBA955-8868-4FDD-BC44-9D27D6521185}.Release|x64.ActiveCfg = Release|x64
		{A8CBA955-8868-4FDD-BC44-9D27D6521185}.Release|x64.Build.0 = Release|x64
		{A8CBA955-8868-4FDD-BC44-9D27D6521185}.Release|x64.Deploy.0 = Release|x64
		{753AEF70-25FB-481C-844F-9A3E1BACB76E}.Debug|Win32.ActiveCfg = Debug|Win32
		{753AEF70-25FB-481C-844F-9A3E1BACB76E}.Debug|Win32.Build.0 = Debug|Win32
		{753AEF70-25FB-481C-844F-9A3E1BACB76E}.Debug|Win32.Deploy.0 = Debug|Win32
		{753AEF70-25FB-481C-844F-9A3E1BACB76E}.Debug|x64.ActiveCfg = Debug|x64
		{753AEF70-25FB-481C-844F-9A3E1BACB76E}.Debug|x64.Build.0 = Debug|x64
		{753AEF70-25FB-481C-844F-9A3E1BACB76E}.Debug|x64.Deploy.0 = Debug|x64
		{753AEF70-25FB-481C-844F-9A3E1BACB76E}.Release|Win32.ActiveCfg = Release|Win32
		{753AEF70-25FB-481C-844F-9A3E1BACB76E}.Release|Win32.Build.0 = Release|Win32
		{753AEF70-25FB-481C-844F-9A3E1BACB76E}.Release|Win32.Deploy.0 = Release|Win32
		{753AEF70-25FB-481C-844F-9A3E1BACB76E}.Release|x64.ActiveCfg = Release|x64
		{753AEF70-25FB-481C-844F-9A3E1BACB76E}.Release|x64.Build.0 = Release|x64
		{753AEF70-25FB-481C-844F-9A3E1BACB76E}.Release|x64.Deploy.0 = Release|x64
		{C8DA0659-DB9F-471E-ABBB-D55996923DC1}.Debug|Win32.ActiveCfg = Debug|Win32
		{C8DA0659-DB9F-471E-ABBB-D55996923DC1}.Debug|Win32.Build.0 = Debug|Win32
		{C8DA0659-DB9F-471E-ABBB-D55996923DC1}.Debug|Win32.Deploy.0 = Debug|Win32
		{C8DA0659-DB9F-471E-ABBB-D55996923DC1}.Debug|x64.ActiveCfg = Debug|x64
		{C8DA0659-DB9F-471E-ABBB-D55996923DC1}.Debug|x64.Build.0 = Debug|x64
		{C8DA0659-DB9F-471E-ABBB-D55996923DC1}.Debug|x64.Deploy.0 = Debug|x64
		{C8DA0659-DB9F-471E-ABBB-D55996923DC1}.Release|Win32.ActiveCfg = Release|Win32
		{C8DA0659-DB9F-471E-ABBB-D55996923DC1}.Release|Win32.Build.0 = Release|Win32
		{C8DA0659-DB9F-471E-ABBB-D55996923DC1}.Release|Win32.Deploy.0 = Release|Win32
		{C8DA0659-DB9F-471E-ABBB-D55996923DC1}.Release|x64.ActiveCfg = Release|x64
		{C8DA0659-DB9F-471E-ABBB-D55996923DC1}.Release|x64.Build.0 = Release|x64
		{C8DA0659-DB9F-471E-ABBB-D55996923DC1}.Release|x64.Deploy.0 = Release|x64
		{34F70BB1-486D-4BEF-8D94-DC7ED1EDD543}.Debug|Win32.ActiveCfg = Debug|Win32
		{34F70BB1-486D-4BEF-8D94-DC7ED1EDD543}.Debug|Win32.Build.0 = Debug|Win32
		{34F70BB1-486D-4BEF-8D94-DC7ED1EDD543}.Debug|Win32.Deploy.0 = Debug|Win32
		{34F70BB1-486D-4BEF-8D94-DC7ED1EDD543}.Debug|x64.ActiveCfg = Debug|x64
		{34F70BB1-486D-4BEF-8D94-DC7ED1EDD543}.Debug|x64.Build.0 = Debug|x64
		{34F70BB1-486D-4BEF-8D94-DC7ED1EDD543}.Debug|x64.Deploy.0 = Debug|x64
		{34F70BB1-486D-4BEF-8D94-DC7ED1EDD543}.Release|Win32.ActiveCfg = Release|Win32
		{34F70BB1-486D-4BEF-8D94-DC7ED1EDD543}.Release|Win32.Build.0 = Release|Win32
		{34F70BB1-486D-4BEF-8D94-DC7ED1EDD543}.Release|Win32.Deploy.0 = Release|Win32
		{34F70BB1-486D-4BEF-8D94-DC7ED1EDD543}.Release|x64.ActiveCfg = Release|x64
		{34F70BB1-486D-4BEF-8D94-DC7ED1EDD543}.Release|x64.Build.0 = Release|x64
		{34F70BB1-486D-4BEF-8D94-DC7ED1EDD543}.Release|x64.Deploy.0 = Release|x64
		{5955B271-928C-4B71-9FE4-3616258F0EED}.Debug|Win32.ActiveCfg = Debug|Win32
		{5955B271-928C-4B71-9FE4-3616258F0EED}.Debug|Win32.Build.0 = Debug|Win32
		{5955B271-928C-4B71-9FE4-3616258F0EED}.Debug|Win32.Deploy.0 = Debug|Win32
		{5955B271-928C-4B71-9FE4-3616258F0EED}.Debug|x64.ActiveCfg = Debug|x64
		{5955B271-928C-4B71-9FE4-3616258F0EED}.Debug|x64.Build.0 = Debug|x64
		{5955B271-928C-4B71-9FE4-3616258F0EED}.Debug|x64.Deploy.0 = Debug|x64
		{5955B271-928C-4B71-9FE4-3616258F0EED}.Release|Win32.ActiveCfg = Release|Win32
		{5955B271-928C-4B71-9FE4-3616258F0EED}.Release|Win32.Build.0 = Release|Win32
		{5955B271-928C-4B71-9FE4-3616258F0EED}.Release|Win32.Deploy.0 = Release|Win32
		{5955B271-928C-4B71-9FE4-3616258F0EED}.Release|x64.ActiveCfg = Release|x64
		{5955B271-928C-4B71-9FE4-3616258F0EED}.Release|x64.Build.0 = Release|x64
		{5955B271-928C-4B71-9FE4-3616258F0EED}.Release|x64.Deploy.0 = Release|x64
		{72D1B647-9507-4F2F-96EB-AAF4ADF1B11C}.Debug|Win32.ActiveCfg = Debug|Win32
		{72D1B647-9507-4F2F-96EB-AAF4ADF1B11C}.Debug|Win32.Build.0 = Debug|Win32
		{72D1B647-9507-4F2F-96EB-AAF4ADF1B11C}.Debug|Win32.Deploy.0 = Debug|Win32
		{72D1B647-9507-4F2F-96EB-AAF4ADF1B11C}.Debug|x64.ActiveCfg = Debug|x64
		{72D1B647-9507-4F2F-96EB-AAF4ADF1B11C}.Debug|x64.Build.0 = Debug|x64
		{72D1B647-9507-4F2F-96EB-AAF4ADF1B11C}.Debug|x64.Deploy.0 = Debug|x64
		{72D1B647-9507-4F2F-96EB-AAF4ADF1B11C}.Release|Win32.ActiveCfg = Release|Win32
		{72D1B647-9507-4F2F-96EB-AAF4ADF1B11C}.Release|Win32.Build.0 = Release|Win32
		{72D1B647-9507-4F2F-96EB-AAF4ADF1B11C}.Release|Win32.Deploy.0 = Release|Win32
		{72D1B647-9507-4F2F-96EB-AAF4ADF1B11C}.Release|x64.ActiveCfg = Release|x64
		{72D1B647-9507-4F2F-96EB-AAF4ADF1B11C}.Release|x64.Build.0 = Release|x64
		{72D1B647-9507-4F2F-96EB-AAF4ADF1B11C}.Release|x64.Deploy.0 = Release|x64
		{7F880EC4-B4E7-4262-9B87-40CED8CD292C}.Debug|Win32.ActiveCfg = Debug|Win32
		{7F880EC4-B4E7-4262-9B87-40CED8CD292C}.Debug|Win32.Build.0 = Debug|Win32
		{7F880EC4-B4E7-4262-9B87-40CED8CD292C}.Debug|Win32.Deploy.0 = Debug|Win32
		{7F880EC4-B4E7-4262-9B87-40CED8CD292C}.Debug|x64.ActiveCfg = Debug|x64
		{7F880EC4-B4E7-4262-9B87-40CED8CD292C}.Debug|x64.Build.0 = Debug|x64
		{7F880EC4-B4E7-4262-9B87-40CED8CD292C}.Debug|x64.Deploy.0 = Debug|x64
		{7F880EC4-B4E7-4262-9B87-40CED8CD292C}.Release|Win32.ActiveCfg = Release|Win32
		{7F880EC4-B4E7-4262-9B87-40CED8CD292C}.Release|Win32.Build.0 = Release|Win32
		{7F880EC4-B4E7-4262-9B87-40CED8CD292C}.Release|Win32.Deploy.0 = Release|Win32
		{7F880EC4-B4E7-4262-9B87-40CED8CD292C}.Release|x64.ActiveCfg = Release|x64
		{7F880EC4-B4E7-4262-9B87-40CED8CD292C}.Release|x64.Build.0 = Release|x64
		{7F880EC4-B4E7-4262-9B87-40CED8CD292C}.Release|x64.Deploy.0 = Release|x64
		{4BCF4666-9545-41BF-9E22-ECD588879B43}.Debug|Win32.ActiveCfg = Debug|Win32
		{4BCF4666-9545-41BF-9E22-ECD588879B43}.Debug|Win32.Build.0 = Debug|Win32
		{4BCF4666-9545-41BF-9E22-ECD588879B43}.Debug|Win32.Deploy.0 = Debug|Win32
		{4BCF4666-9545-41BF-9E22-ECD588879B43}.Debug|x64.ActiveCfg = Debug|x64
		{4BCF4666-9545-41BF-9E22-ECD588879B43}.Debug|x64.Build.0 = Debug|x64
		{4BCF4666-9545-41BF-9E22-ECD588879B43}.Debug|x64.Deploy.0 = Debug|x64
		{4BCF4666-9545-41BF-9E22-ECD588879B43}.Release|Win32.ActiveCfg = Release|Win32
		{4BCF4666-9545-41BF-9E22-ECD588879B43}.Release|Win32.Build.0 = Release|Win32
		{4BCF4666-9545-41BF-9E22-ECD588879B43}.Release|Win32.Deploy.0 = Release|Win32
		{4BCF4666-9545-41BF-9E22-ECD588879B43}.Release|x64.ActiveCfg = Release|x64
		{4BCF4666-9545-41BF-9E22-ECD588879B43}.Release|x64.Build.0 = Release|x64
		{4BCF4666-9545-41BF-9E22-ECD588879B43}.Release|x64.Deploy.0 = Release|x64
		{C57AB9A7-A48D-48F3-BD31-6E9D0CBF90DA}.Debug|Win32.ActiveCfg = Debug|Win32
		{C57AB9A7-A48D-48F3-BD31-6E9D0CBF90DA}.Debug|Win32.Build.0 = Debug|Win32
		{C57AB9A7-A48D-48F3-BD31-6E9D0CBF90DA}.Debug|Win32.Deploy.0 = Debug|Win32
		{C57AB9A7-A48D-48F3-BD31-6E9D0CBF90DA}.Debug|x64.ActiveCfg = Debug|x64
		{C57AB9A7-A48D-48F3-BD31-6E9D0CBF90DA}.Debug|x64.Build.0 = Debug|x64
		{C57AB9A7-A48D-48F3-BD31-6E9D0CBF90DA}.Debug|x64.Deploy.0 = Debug|x64
		{C57AB9A7-A48D-48F3-BD31-6E9D0CBF90DA}.Release|Win32.ActiveCfg = Release|Win32
		{C57AB9A7-A48D-48F3-BD31-6E9D0CBF90DA}.Release|Win32.Build.0 = Release|Win32
		{C57AB9A7-A48D-48F3-BD31-6E9D0CBF90DA}.Release|Win32.Deploy.0 = Release|Win32
		{C57AB9A7-A48D-48F3-BD31-6E9D0CBF90DA}.Release|x64.ActiveCfg = Release|x64
		{C57AB9A7-A48D-48F3-BD31-6E9D0CBF90DA}.Release|x64.Build.0 = Release|x64
		{C57AB9A7-A48D-48F3-BD31-6E9D0CBF90DA}.Release|x64.Deploy.0 = Release|x64
		{749CB143-E5D8-43EB-9537-22F48C24A695}.Debug|Win32.ActiveCfg = Debug|Win32
		{749CB143-E5D8-43EB-9537-22F48C24A695}.Debug|Win32.Build.0 = Debug|Win32
		{749CB143-E5D8-43EB-9537-22F48C24A695}.Debug|Win32.Deploy.0 = Debug|Win32
		{749CB143-E5D8-43EB-9537-22F48C24A695}.Debug|x64.ActiveCfg = Debug|x64
		{749CB143-E5D8-43EB-9537-22F48C24A695}.Debug|x64.Build.0 = Debug|x64
		{749CB143-E5D8-43EB-9537-22F48C24A695}.Debug|x64.Deploy.0 = Debug|x64
		{749CB143-E5D8-43EB-9537-22F48C24A695}.Release|Win32.ActiveCfg = Release|Win32
		{749CB143-E5D8-43EB-9537-22F48C24A695}.Release|Win32.Build.0 = Release|Win32
		{749CB143-E5D8-43EB-9537-22F48C24A695}.Release|Win32.Deploy.0 = Release|Win32
		{749CB143-E5D8-43EB-9537-22F48C24A695}.Release|x64.ActiveCfg = Release|x64
		{749CB143-E5D8-43EB-9537-22F48C24A695}.Release|x64.Build.0 = Release|x64
		{749CB143-E5D8-43EB-9537-22F48C24A695}.Release|x64.Deploy.0 = Release|x64
	EndGlobalSection
	GlobalSection(SolutionProperties) = preSolution
		HideSolutionNode = FALSE
	EndGlobalSection
EndGlobal
