
Microsoft Visual Studio Solution File, Format Version 11.00
# Visual Studio 2012
Project("{8BC9CEB8-8B4A-11D0-8D11-00A0C91BC942}") = "3d", "3d.vcxproj", "{5C526A2D-4DD5-4A4F-BCF4-3D88D0C25832}"
EndProject
Project("{8BC9CEB8-8B4A-11D0-8D11-00A0C91BC942}") = "asyncio", "asyncio.vcxproj", "{7D4CCE61-2584-4B7A-99FC-F9C5170FCF14}"
EndProject
Project("{8BC9CEB8-8B4A-11D0-8D11-00A0C91BC942}") = "channel_groups", "channel_groups.vcxproj", "{E1C43CBD-8EA2-4783-9F6D-164A134CEB90}"
EndProject
Project("{8BC9CEB8-8B4A-11D0-8D11-00A0C91BC942}") = "convolution_reverb", "convolution_reverb.vcxproj", "{51C17B68-5916-4527-ACC3-662B1A78E647}"
EndProject
Project("{8BC9CEB8-8B4A-11D0-8D11-00A0C91BC942}") = "dsp_custom", "dsp_custom.vcxproj", "{1E289339-5579-4098-925D-76B42D93734C}"
EndProject
Project("{8BC9CEB8-8B4A-11D0-8D11-00A0C91BC942}") = "dsp_effect_per_speaker", "dsp_effect_per_speaker.vcxproj", "{DE9B2878-F488-4AF9-847D-A2F28D642B2D}"
EndProject
Project("{8BC9CEB8-8B4A-11D0-8D11-00A0C91BC942}") = "dsp_inspector", "dsp_inspector.vcxproj", "{8A8E70C2-D653-44E4-86E4-504381551FD8}"
EndProject
Project("{8BC9CEB8-8B4A-11D0-8D11-00A0C91BC942}") = "effects", "effects.vcxproj", "{FF283120-B917-4595-B06A-7B6AFA0CFB02}"
EndProject
Project("{8BC9CEB8-8B4A-11D0-8D11-00A0C91BC942}") = "gapless_playback", "gapless_playback.vcxproj", "{D877D3F6-4B15-43C4-9FC2-EB2CDEAB01DF}"
EndProject
Project("{8BC9CEB8-8B4A-11D0-8D11-00A0C91BC942}") = "generate_tone", "generate_tone.vcxproj", "{C4E48388-475D-45EE-8390-10441D9BD56C}"
EndProject
Project("{8BC9CEB8-8B4A-11D0-8D11-00A0C91BC942}") = "granular_synth", "granular_synth.vcxproj", "{A3A011E0-4DB4-4AFB-A0CB-D1DADE2A415A}"
EndProject
Project("{8BC9CEB8-8B4A-11D0-8D11-00A0C91BC942}") = "load_from_memory", "load_from_memory.vcxproj", "{F5622F3B-19DF-4BCA-816E-C7A7680ECD15}"
EndProject
Project("{8BC9CEB8-8B4A-11D0-8D11-00A0C91BC942}") = "multiple_speaker", "multiple_speaker.vcxproj", "{5064A872-BE4E-4FDB-8649-35607501790E}"
EndProject
Project("{8BC9CEB8-8B4A-11D0-8D11-00A0C91BC942}") = "multiple_system", "multiple_system.vcxproj", "{C29CDA8C-A224-4215-BC19-4ACC06D45D49}"
EndProject
Project("{8BC9CEB8-8B4A-11D0-8D11-00A0C91BC942}") = "net_stream", "net_stream.vcxproj", "{A11003B0-F869-4BD3-B828-BE9477B454D1}"
EndProject
Project("{8BC9CEB8-8B4A-11D0-8D11-00A0C91BC942}") = "play_sound", "play_sound.vcxproj", "{73AE12B7-0FFA-45EF-8D70-7C20C84D7360}"
EndProject
Project("{8BC9CEB8-8B4A-11D0-8D11-00A0C91BC942}") = "play_stream", "play_stream.vcxproj", "{9FB4FB80-5957-40DE-8C98-578BFAAE7862}"
EndProject
Project("{8BC9CEB8-8B4A-11D0-8D11-00A0C91BC942}") = "record", "record.vcxproj", "{59386D37-47CC-4191-8EFD-DC66882055F0}"
EndProject
Project("{8BC9CEB8-8B4A-11D0-8D11-00A0C91BC942}") = "record_enumeration", "record_enumeration.vcxproj", "{54B4E5F6-4028-4C9D-8D85-B5FAA3BCAA9C}"
EndProject
Project("{8BC9CEB8-8B4A-11D0-8D11-00A0C91BC942}") = "user_created_sound", "user_created_sound.vcxproj", "{2C94C609-292F-415F-97E9-324EE9D803C6}"
EndProject
Project("{8BC9CEB8-8B4A-11D0-8D11-00A0C91BC942}") = "fmod_codec_raw", "fmod_codec_raw.vcxproj", "{4CB7DB7E-3B2B-4E9F-81A8-530C7CD0DB53}"
EndProject
Project("{8BC9CEB8-8B4A-11D0-8D11-00A0C91BC942}") = "fmod_distance_filter", "fmod_distance_filter.vcxproj", "{C223E5D3-A10B-4EE5-BA55-0937B650E9A5}"
EndProject
Project("{8BC9CEB8-8B4A-11D0-8D11-00A0C91BC942}") = "fmod_gain", "fmod_gain.vcxproj", "{69D71B61-39FC-4FEF-8D20-34704E1CDE2F}"
EndProject
Project("{8BC9CEB8-8B4A-11D0-8D11-00A0C91BC942}") = "fmod_noise", "fmod_noise.vcxproj", "{289E7B16-5D5A-45A1-8BEA-86F7230D29BF}"
EndProject
Project("{8BC9CEB8-8B4A-11D0-8D11-00A0C91BC942}") = "output_mp3", "output_mp3.vcxproj", "{835D5888-B957-49A2-8A3E-6192DD594AD4}"
EndProject
Global
	GlobalSection(SolutionConfigurationPlatforms) = preSolution
		Debug|Win32 = Debug|Win32
		Debug|x64 = Debug|x64
		Release|Win32 = Release|Win32
		Release|x64 = Release|x64
	EndGlobalSection
	GlobalSection(ProjectConfigurationPlatforms) = postSolution
		{5C526A2D-4DD5-4A4F-BCF4-3D88D0C25832}.Debug|Win32.ActiveCfg = Debug|Win32
		{5C526A2D-4DD5-4A4F-BCF4-3D88D0C25832}.Debug|Win32.Build.0 = Debug|Win32
		{5C526A2D-4DD5-4A4F-BCF4-3D88D0C25832}.Debug|Win32.Deploy.0 = Debug|Win32
		{5C526A2D-4DD5-4A4F-BCF4-3D88D0C25832}.Debug|x64.ActiveCfg = Debug|x64
		{5C526A2D-4DD5-4A4F-BCF4-3D88D0C25832}.Debug|x64.Build.0 = Debug|x64
		{5C526A2D-4DD5-4A4F-BCF4-3D88D0C25832}.Debug|x64.Deploy.0 = Debug|x64
		{5C526A2D-4DD5-4A4F-BCF4-3D88D0C25832}.Release|Win32.ActiveCfg = Release|Win32
		{5C526A2D-4DD5-4A4F-BCF4-3D88D0C25832}.Release|Win32.Build.0 = Release|Win32
		{5C526A2D-4DD5-4A4F-BCF4-3D88D0C25832}.Release|Win32.Deploy.0 = Release|Win32
		{5C526A2D-4DD5-4A4F-BCF4-3D88D0C25832}.Release|x64.ActiveCfg = Release|x64
		{5C526A2D-4DD5-4A4F-BCF4-3D88D0C25832}.Release|x64.Build.0 = Release|x64
		{5C526A2D-4DD5-4A4F-BCF4-3D88D0C25832}.Release|x64.Deploy.0 = Release|x64
		{7D4CCE61-2584-4B7A-99FC-F9C5170FCF14}.Debug|Win32.ActiveCfg = Debug|Win32
		{7D4CCE61-2584-4B7A-99FC-F9C5170FCF14}.Debug|Win32.Build.0 = Debug|Win32
		{7D4CCE61-2584-4B7A-99FC-F9C5170FCF14}.Debug|Win32.Deploy.0 = Debug|Win32
		{7D4CCE61-2584-4B7A-99FC-F9C5170FCF14}.Debug|x64.ActiveCfg = Debug|x64
		{7D4CCE61-2584-4B7A-99FC-F9C5170FCF14}.Debug|x64.Build.0 = Debug|x64
		{7D4CCE61-2584-4B7A-99FC-F9C5170FCF14}.Debug|x64.Deploy.0 = Debug|x64
		{7D4CCE61-2584-4B7A-99FC-F9C5170FCF14}.Release|Win32.ActiveCfg = Release|Win32
		{7D4CCE61-2584-4B7A-99FC-F9C5170FCF14}.Release|Win32.Build.0 = Release|Win32
		{7D4CCE61-2584-4B7A-99FC-F9C5170FCF14}.Release|Win32.Deploy.0 = Release|Win32
		{7D4CCE61-2584-4B7A-99FC-F9C5170FCF14}.Release|x64.ActiveCfg = Release|x64
		{7D4CCE61-2584-4B7A-99FC-F9C5170FCF14}.Release|x64.Build.0 = Release|x64
		{7D4CCE61-2584-4B7A-99FC-F9C5170FCF14}.Release|x64.Deploy.0 = Release|x64
		{E1C43CBD-8EA2-4783-9F6D-164A134CEB90}.Debug|Win32.ActiveCfg = Debug|Win32
		{E1C43CBD-8EA2-4783-9F6D-164A134CEB90}.Debug|Win32.Build.0 = Debug|Win32
		{E1C43CBD-8EA2-4783-9F6D-164A134CEB90}.Debug|Win32.Deploy.0 = Debug|Win32
		{E1C43CBD-8EA2-4783-9F6D-164A134CEB90}.Debug|x64.ActiveCfg = Debug|x64
		{E1C43CBD-8EA2-4783-9F6D-164A134CEB90}.Debug|x64.Build.0 = Debug|x64
		{E1C43CBD-8EA2-4783-9F6D-164A134CEB90}.Debug|x64.Deploy.0 = Debug|x64
		{E1C43CBD-8EA2-4783-9F6D-164A134CEB90}.Release|Win32.ActiveCfg = Release|Win32
		{E1C43CBD-8EA2-4783-9F6D-164A134CEB90}.Release|Win32.Build.0 = Release|Win32
		{E1C43CBD-8EA2-4783-9F6D-164A134CEB90}.Release|Win32.Deploy.0 = Release|Win32
		{E1C43CBD-8EA2-4783-9F6D-164A134CEB90}.Release|x64.ActiveCfg = Release|x64
		{E1C43CBD-8EA2-4783-9F6D-164A134CEB90}.Release|x64.Build.0 = Release|x64
		{E1C43CBD-8EA2-4783-9F6D-164A134CEB90}.Release|x64.Deploy.0 = Release|x64
		{51C17B68-5916-4527-ACC3-662B1A78E647}.Debug|Win32.ActiveCfg = Debug|Win32
		{51C17B68-5916-4527-ACC3-662B1A78E647}.Debug|Win32.Build.0 = Debug|Win32
		{51C17B68-5916-4527-ACC3-662B1A78E647}.Debug|Win32.Deploy.0 = Debug|Win32
		{51C17B68-5916-4527-ACC3-662B1A78E647}.Debug|x64.ActiveCfg = Debug|x64
		{51C17B68-5916-4527-ACC3-662B1A78E647}.Debug|x64.Build.0 = Debug|x64
		{51C17B68-5916-4527-ACC3-662B1A78E647}.Debug|x64.Deploy.0 = Debug|x64
		{51C17B68-5916-4527-ACC3-662B1A78E647}.Release|Win32.ActiveCfg = Release|Win32
		{51C17B68-5916-4527-ACC3-662B1A78E647}.Release|Win32.Build.0 = Release|Win32
		{51C17B68-5916-4527-ACC3-662B1A78E647}.Release|Win32.Deploy.0 = Release|Win32
		{51C17B68-5916-4527-ACC3-662B1A78E647}.Release|x64.ActiveCfg = Release|x64
		{51C17B68-5916-4527-ACC3-662B1A78E647}.Release|x64.Build.0 = Release|x64
		{51C17B68-5916-4527-ACC3-662B1A78E647}.Release|x64.Deploy.0 = Release|x64
		{1E289339-5579-4098-925D-76B42D93734C}.Debug|Win32.ActiveCfg = Debug|Win32
		{1E289339-5579-4098-925D-76B42D93734C}.Debug|Win32.Build.0 = Debug|Win32
		{1E289339-5579-4098-925D-76B42D93734C}.Debug|Win32.Deploy.0 = Debug|Win32
		{1E289339-5579-4098-925D-76B42D93734C}.Debug|x64.ActiveCfg = Debug|x64
		{1E289339-5579-4098-925D-76B42D93734C}.Debug|x64.Build.0 = Debug|x64
		{1E289339-5579-4098-925D-76B42D93734C}.Debug|x64.Deploy.0 = Debug|x64
		{1E289339-5579-4098-925D-76B42D93734C}.Release|Win32.ActiveCfg = Release|Win32
		{1E289339-5579-4098-925D-76B42D93734C}.Release|Win32.Build.0 = Release|Win32
		{1E289339-5579-4098-925D-76B42D93734C}.Release|Win32.Deploy.0 = Release|Win32
		{1E289339-5579-4098-925D-76B42D93734C}.Release|x64.ActiveCfg = Release|x64
		{1E289339-5579-4098-925D-76B42D93734C}.Release|x64.Build.0 = Release|x64
		{1E289339-5579-4098-925D-76B42D93734C}.Release|x64.Deploy.0 = Release|x64
		{DE9B2878-F488-4AF9-847D-A2F28D642B2D}.Debug|Win32.ActiveCfg = Debug|Win32
		{DE9B2878-F488-4AF9-847D-A2F28D642B2D}.Debug|Win32.Build.0 = Debug|Win32
		{DE9B2878-F488-4AF9-847D-A2F28D642B2D}.Debug|Win32.Deploy.0 = Debug|Win32
		{DE9B2878-F488-4AF9-847D-A2F28D642B2D}.Debug|x64.ActiveCfg = Debug|x64
		{DE9B2878-F488-4AF9-847D-A2F28D642B2D}.Debug|x64.Build.0 = Debug|x64
		{DE9B2878-F488-4AF9-847D-A2F28D642B2D}.Debug|x64.Deploy.0 = Debug|x64
		{DE9B2878-F488-4AF9-847D-A2F28D642B2D}.Release|Win32.ActiveCfg = Release|Win32
		{DE9B2878-F488-4AF9-847D-A2F28D642B2D}.Release|Win32.Build.0 = Release|Win32
		{DE9B2878-F488-4AF9-847D-A2F28D642B2D}.Release|Win32.Deploy.0 = Release|Win32
		{DE9B2878-F488-4AF9-847D-A2F28D642B2D}.Release|x64.ActiveCfg = Release|x64
		{DE9B2878-F488-4AF9-847D-A2F28D642B2D}.Release|x64.Build.0 = Release|x64
		{DE9B2878-F488-4AF9-847D-A2F28D642B2D}.Release|x64.Deploy.0 = Release|x64
		{8A8E70C2-D653-44E4-86E4-504381551FD8}.Debug|Win32.ActiveCfg = Debug|Win32
		{8A8E70C2-D653-44E4-86E4-504381551FD8}.Debug|Win32.Build.0 = Debug|Win32
		{8A8E70C2-D653-44E4-86E4-504381551FD8}.Debug|Win32.Deploy.0 = Debug|Win32
		{8A8E70C2-D653-44E4-86E4-504381551FD8}.Debug|x64.ActiveCfg = Debug|x64
		{8A8E70C2-D653-44E4-86E4-504381551FD8}.Debug|x64.Build.0 = Debug|x64
		{8A8E70C2-D653-44E4-86E4-504381551FD8}.Debug|x64.Deploy.0 = Debug|x64
		{8A8E70C2-D653-44E4-86E4-504381551FD8}.Release|Win32.ActiveCfg = Release|Win32
		{8A8E70C2-D653-44E4-86E4-504381551FD8}.Release|Win32.Build.0 = Release|Win32
		{8A8E70C2-D653-44E4-86E4-504381551FD8}.Release|Win32.Deploy.0 = Release|Win32
		{8A8E70C2-D653-44E4-86E4-504381551FD8}.Release|x64.ActiveCfg = Release|x64
		{8A8E70C2-D653-44E4-86E4-504381551FD8}.Release|x64.Build.0 = Release|x64
		{8A8E70C2-D653-44E4-86E4-504381551FD8}.Release|x64.Deploy.0 = Release|x64
		{FF283120-B917-4595-B06A-7B6AFA0CFB02}.Debug|Win32.ActiveCfg = Debug|Win32
		{FF283120-B917-4595-B06A-7B6AFA0CFB02}.Debug|Win32.Build.0 = Debug|Win32
		{FF283120-B917-4595-B06A-7B6AFA0CFB02}.Debug|Win32.Deploy.0 = Debug|Win32
		{FF283120-B917-4595-B06A-7B6AFA0CFB02}.Debug|x64.ActiveCfg = Debug|x64
		{FF283120-B917-4595-B06A-7B6AFA0CFB02}.Debug|x64.Build.0 = Debug|x64
		{FF283120-B917-4595-B06A-7B6AFA0CFB02}.Debug|x64.Deploy.0 = Debug|x64
		{FF283120-B917-4595-B06A-7B6AFA0CFB02}.Release|Win32.ActiveCfg = Release|Win32
		{FF283120-B917-4595-B06A-7B6AFA0CFB02}.Release|Win32.Build.0 = Release|Win32
		{FF283120-B917-4595-B06A-7B6AFA0CFB02}.Release|Win32.Deploy.0 = Release|Win32
		{FF283120-B917-4595-B06A-7B6AFA0CFB02}.Release|x64.ActiveCfg = Release|x64
		{FF283120-B917-4595-B06A-7B6AFA0CFB02}.Release|x64.Build.0 = Release|x64
		{FF283120-B917-4595-B06A-7B6AFA0CFB02}.Release|x64.Deploy.0 = Release|x64
		{D877D3F6-4B15-43C4-9FC2-EB2CDEAB01DF}.Debug|Win32.ActiveCfg = Debug|Win32
		{D877D3F6-4B15-43C4-9FC2-EB2CDEAB01DF}.Debug|Win32.Build.0 = Debug|Win32
		{D877D3F6-4B15-43C4-9FC2-EB2CDEAB01DF}.Debug|Win32.Deploy.0 = Debug|Win32
		{D877D3F6-4B15-43C4-9FC2-EB2CDEAB01DF}.Debug|x64.ActiveCfg = Debug|x64
		{D877D3F6-4B15-43C4-9FC2-EB2CDEAB01DF}.Debug|x64.Build.0 = Debug|x64
		{D877D3F6-4B15-43C4-9FC2-EB2CDEAB01DF}.Debug|x64.Deploy.0 = Debug|x64
		{D877D3F6-4B15-43C4-9FC2-EB2CDEAB01DF}.Release|Win32.ActiveCfg = Release|Win32
		{D877D3F6-4B15-43C4-9FC2-EB2CDEAB01DF}.Release|Win32.Build.0 = Release|Win32
		{D877D3F6-4B15-43C4-9FC2-EB2CDEAB01DF}.Release|Win32.Deploy.0 = Release|Win32
		{D877D3F6-4B15-43C4-9FC2-EB2CDEAB01DF}.Release|x64.ActiveCfg = Release|x64
		{D877D3F6-4B15-43C4-9FC2-EB2CDEAB01DF}.Release|x64.Build.0 = Release|x64
		{D877D3F6-4B15-43C4-9FC2-EB2CDEAB01DF}.Release|x64.Deploy.0 = Release|x64
		{C4E48388-475D-45EE-8390-10441D9BD56C}.Debug|Win32.ActiveCfg = Debug|Win32
		{C4E48388-475D-45EE-8390-10441D9BD56C}.Debug|Win32.Build.0 = Debug|Win32
		{C4E48388-475D-45EE-8390-10441D9BD56C}.Debug|Win32.Deploy.0 = Debug|Win32
		{C4E48388-475D-45EE-8390-10441D9BD56C}.Debug|x64.ActiveCfg = Debug|x64
		{C4E48388-475D-45EE-8390-10441D9BD56C}.Debug|x64.Build.0 = Debug|x64
		{C4E48388-475D-45EE-8390-10441D9BD56C}.Debug|x64.Deploy.0 = Debug|x64
		{C4E48388-475D-45EE-8390-10441D9BD56C}.Release|Win32.ActiveCfg = Release|Win32
		{C4E48388-475D-45EE-8390-10441D9BD56C}.Release|Win32.Build.0 = Release|Win32
		{C4E48388-475D-45EE-8390-10441D9BD56C}.Release|Win32.Deploy.0 = Release|Win32
		{C4E48388-475D-45EE-8390-10441D9BD56C}.Release|x64.ActiveCfg = Release|x64
		{C4E48388-475D-45EE-8390-10441D9BD56C}.Release|x64.Build.0 = Release|x64
		{C4E48388-475D-45EE-8390-10441D9BD56C}.Release|x64.Deploy.0 = Release|x64
		{A3A011E0-4DB4-4AFB-A0CB-D1DADE2A415A}.Debug|Win32.ActiveCfg = Debug|Win32
		{A3A011E0-4DB4-4AFB-A0CB-D1DADE2A415A}.Debug|Win32.Build.0 = Debug|Win32
		{A3A011E0-4DB4-4AFB-A0CB-D1DADE2A415A}.Debug|Win32.Deploy.0 = Debug|Win32
		{A3A011E0-4DB4-4AFB-A0CB-D1DADE2A415A}.Debug|x64.ActiveCfg = Debug|x64
		{A3A011E0-4DB4-4AFB-A0CB-D1DADE2A415A}.Debug|x64.Build.0 = Debug|x64
		{A3A011E0-4DB4-4AFB-A0CB-D1DADE2A415A}.Debug|x64.Deploy.0 = Debug|x64
		{A3A011E0-4DB4-4AFB-A0CB-D1DADE2A415A}.Release|Win32.ActiveCfg = Release|Win32
		{A3A011E0-4DB4-4AFB-A0CB-D1DADE2A415A}.Release|Win32.Build.0 = Release|Win32
		{A3A011E0-4DB4-4AFB-A0CB-D1DADE2A415A}.Release|Win32.Deploy.0 = Release|Win32
		{A3A011E0-4DB4-4AFB-A0CB-D1DADE2A415A}.Release|x64.ActiveCfg = Release|x64
		{A3A011E0-4DB4-4AFB-A0CB-D1DADE2A415A}.Release|x64.Build.0 = Release|x64
		{A3A011E0-4DB4-4AFB-A0CB-D1DADE2A415A}.Release|x64.Deploy.0 = Release|x64
		{F5622F3B-19DF-4BCA-816E-C7A7680ECD15}.Debug|Win32.ActiveCfg = Debug|Win32
		{F5622F3B-19DF-4BCA-816E-C7A7680ECD15}.Debug|Win32.Build.0 = Debug|Win32
		{F5622F3B-19DF-4BCA-816E-C7A7680ECD15}.Debug|Win32.Deploy.0 = Debug|Win32
		{F5622F3B-19DF-4BCA-816E-C7A7680ECD15}.Debug|x64.ActiveCfg = Debug|x64
		{F5622F3B-19DF-4BCA-816E-C7A7680ECD15}.Debug|x64.Build.0 = Debug|x64
		{F5622F3B-19DF-4BCA-816E-C7A7680ECD15}.Debug|x64.Deploy.0 = Debug|x64
		{F5622F3B-19DF-4BCA-816E-C7A7680ECD15}.Release|Win32.ActiveCfg = Release|Win32
		{F5622F3B-19DF-4BCA-816E-C7A7680ECD15}.Release|Win32.Build.0 = Release|Win32
		{F5622F3B-19DF-4BCA-816E-C7A7680ECD15}.Release|Win32.Deploy.0 = Release|Win32
		{F5622F3B-19DF-4BCA-816E-C7A7680ECD15}.Release|x64.ActiveCfg = Release|x64
		{F5622F3B-19DF-4BCA-816E-C7A7680ECD15}.Release|x64.Build.0 = Release|x64
		{F5622F3B-19DF-4BCA-816E-C7A7680ECD15}.Release|x64.Deploy.0 = Release|x64
		{5064A872-BE4E-4FDB-8649-35607501790E}.Debug|Win32.ActiveCfg = Debug|Win32
		{5064A872-BE4E-4FDB-8649-35607501790E}.Debug|Win32.Build.0 = Debug|Win32
		{5064A872-BE4E-4FDB-8649-35607501790E}.Debug|Win32.Deploy.0 = Debug|Win32
		{5064A872-BE4E-4FDB-8649-35607501790E}.Debug|x64.ActiveCfg = Debug|x64
		{5064A872-BE4E-4FDB-8649-35607501790E}.Debug|x64.Build.0 = Debug|x64
		{5064A872-BE4E-4FDB-8649-35607501790E}.Debug|x64.Deploy.0 = Debug|x64
		{5064A872-BE4E-4FDB-8649-35607501790E}.Release|Win32.ActiveCfg = Release|Win32
		{5064A872-BE4E-4FDB-8649-35607501790E}.Release|Win32.Build.0 = Release|Win32
		{5064A872-BE4E-4FDB-8649-35607501790E}.Release|Win32.Deploy.0 = Release|Win32
		{5064A872-BE4E-4FDB-8649-35607501790E}.Release|x64.ActiveCfg = Release|x64
		{5064A872-BE4E-4FDB-8649-35607501790E}.Release|x64.Build.0 = Release|x64
		{5064A872-BE4E-4FDB-8649-35607501790E}.Release|x64.Deploy.0 = Release|x64
		{C29CDA8C-A224-4215-BC19-4ACC06D45D49}.Debug|Win32.ActiveCfg = Debug|Win32
		{C29CDA8C-A224-4215-BC19-4ACC06D45D49}.Debug|Win32.Build.0 = Debug|Win32
		{C29CDA8C-A224-4215-BC19-4ACC06D45D49}.Debug|Win32.Deploy.0 = Debug|Win32
		{C29CDA8C-A224-4215-BC19-4ACC06D45D49}.Debug|x64.ActiveCfg = Debug|x64
		{C29CDA8C-A224-4215-BC19-4ACC06D45D49}.Debug|x64.Build.0 = Debug|x64
		{C29CDA8C-A224-4215-BC19-4ACC06D45D49}.Debug|x64.Deploy.0 = Debug|x64
		{C29CDA8C-A224-4215-BC19-4ACC06D45D49}.Release|Win32.ActiveCfg = Release|Win32
		{C29CDA8C-A224-4215-BC19-4ACC06D45D49}.Release|Win32.Build.0 = Release|Win32
		{C29CDA8C-A224-4215-BC19-4ACC06D45D49}.Release|Win32.Deploy.0 = Release|Win32
		{C29CDA8C-A224-4215-BC19-4ACC06D45D49}.Release|x64.ActiveCfg = Release|x64
		{C29CDA8C-A224-4215-BC19-4ACC06D45D49}.Release|x64.Build.0 = Release|x64
		{C29CDA8C-A224-4215-BC19-4ACC06D45D49}.Release|x64.Deploy.0 = Release|x64
		{A11003B0-F869-4BD3-B828-BE9477B454D1}.Debug|Win32.ActiveCfg = Debug|Win32
		{A11003B0-F869-4BD3-B828-BE9477B454D1}.Debug|Win32.Build.0 = Debug|Win32
		{A11003B0-F869-4BD3-B828-BE9477B454D1}.Debug|Win32.Deploy.0 = Debug|Win32
		{A11003B0-F869-4BD3-B828-BE9477B454D1}.Debug|x64.ActiveCfg = Debug|x64
		{A11003B0-F869-4BD3-B828-BE9477B454D1}.Debug|x64.Build.0 = Debug|x64
		{A11003B0-F869-4BD3-B828-BE9477B454D1}.Debug|x64.Deploy.0 = Debug|x64
		{A11003B0-F869-4BD3-B828-BE9477B454D1}.Release|Win32.ActiveCfg = Release|Win32
		{A11003B0-F869-4BD3-B828-BE9477B454D1}.Release|Win32.Build.0 = Release|Win32
		{A11003B0-F869-4BD3-B828-BE9477B454D1}.Release|Win32.Deploy.0 = Release|Win32
		{A11003B0-F869-4BD3-B828-BE9477B454D1}.Release|x64.ActiveCfg = Release|x64
		{A11003B0-F869-4BD3-B828-BE9477B454D1}.Release|x64.Build.0 = Release|x64
		{A11003B0-F869-4BD3-B828-BE9477B454D1}.Release|x64.Deploy.0 = Release|x64
		{73AE12B7-0FFA-45EF-8D70-7C20C84D7360}.Debug|Win32.ActiveCfg = Debug|Win32
		{73AE12B7-0FFA-45EF-8D70-7C20C84D7360}.Debug|Win32.Build.0 = Debug|Win32
		{73AE12B7-0FFA-45EF-8D70-7C20C84D7360}.Debug|Win32.Deploy.0 = Debug|Win32
		{73AE12B7-0FFA-45EF-8D70-7C20C84D7360}.Debug|x64.ActiveCfg = Debug|x64
		{73AE12B7-0FFA-45EF-8D70-7C20C84D7360}.Debug|x64.Build.0 = Debug|x64
		{73AE12B7-0FFA-45EF-8D70-7C20C84D7360}.Debug|x64.Deploy.0 = Debug|x64
		{73AE12B7-0FFA-45EF-8D70-7C20C84D7360}.Release|Win32.ActiveCfg = Release|Win32
		{73AE12B7-0FFA-45EF-8D70-7C20C84D7360}.Release|Win32.Build.0 = Release|Win32
		{73AE12B7-0FFA-45EF-8D70-7C20C84D7360}.Release|Win32.Deploy.0 = Release|Win32
		{73AE12B7-0FFA-45EF-8D70-7C20C84D7360}.Release|x64.ActiveCfg = Release|x64
		{73AE12B7-0FFA-45EF-8D70-7C20C84D7360}.Release|x64.Build.0 = Release|x64
		{73AE12B7-0FFA-45EF-8D70-7C20C84D7360}.Release|x64.Deploy.0 = Release|x64
		{9FB4FB80-5957-40DE-8C98-578BFAAE7862}.Debug|Win32.ActiveCfg = Debug|Win32
		{9FB4FB80-5957-40DE-8C98-578BFAAE7862}.Debug|Win32.Build.0 = Debug|Win32
		{9FB4FB80-5957-40DE-8C98-578BFAAE7862}.Debug|Win32.Deploy.0 = Debug|Win32
		{9FB4FB80-5957-40DE-8C98-578BFAAE7862}.Debug|x64.ActiveCfg = Debug|x64
		{9FB4FB80-5957-40DE-8C98-578BFAAE7862}.Debug|x64.Build.0 = Debug|x64
		{9FB4FB80-5957-40DE-8C98-578BFAAE7862}.Debug|x64.Deploy.0 = Debug|x64
		{9FB4FB80-5957-40DE-8C98-578BFAAE7862}.Release|Win32.ActiveCfg = Release|Win32
		{9FB4FB80-5957-40DE-8C98-578BFAAE7862}.Release|Win32.Build.0 = Release|Win32
		{9FB4FB80-5957-40DE-8C98-578BFAAE7862}.Release|Win32.Deploy.0 = Release|Win32
		{9FB4FB80-5957-40DE-8C98-578BFAAE7862}.Release|x64.ActiveCfg = Release|x64
		{9FB4FB80-5957-40DE-8C98-578BFAAE7862}.Release|x64.Build.0 = Release|x64
		{9FB4FB80-5957-40DE-8C98-578BFAAE7862}.Release|x64.Deploy.0 = Release|x64
		{59386D37-47CC-4191-8EFD-DC66882055F0}.Debug|Win32.ActiveCfg = Debug|Win32
		{59386D37-47CC-4191-8EFD-DC66882055F0}.Debug|Win32.Build.0 = Debug|Win32
		{59386D37-47CC-4191-8EFD-DC66882055F0}.Debug|Win32.Deploy.0 = Debug|Win32
		{59386D37-47CC-4191-8EFD-DC66882055F0}.Debug|x64.ActiveCfg = Debug|x64
		{59386D37-47CC-4191-8EFD-DC66882055F0}.Debug|x64.Build.0 = Debug|x64
		{59386D37-47CC-4191-8EFD-DC66882055F0}.Debug|x64.Deploy.0 = Debug|x64
		{59386D37-47CC-4191-8EFD-DC66882055F0}.Release|Win32.ActiveCfg = Release|Win32
		{59386D37-47CC-4191-8EFD-DC66882055F0}.Release|Win32.Build.0 = Release|Win32
		{59386D37-47CC-4191-8EFD-DC66882055F0}.Release|Win32.Deploy.0 = Release|Win32
		{59386D37-47CC-4191-8EFD-DC66882055F0}.Release|x64.ActiveCfg = Release|x64
		{59386D37-47CC-4191-8EFD-DC66882055F0}.Release|x64.Build.0 = Release|x64
		{59386D37-47CC-4191-8EFD-DC66882055F0}.Release|x64.Deploy.0 = Release|x64
		{54B4E5F6-4028-4C9D-8D85-B5FAA3BCAA9C}.Debug|Win32.ActiveCfg = Debug|Win32
		{54B4E5F6-4028-4C9D-8D85-B5FAA3BCAA9C}.Debug|Win32.Build.0 = Debug|Win32
		{54B4E5F6-4028-4C9D-8D85-B5FAA3BCAA9C}.Debug|Win32.Deploy.0 = Debug|Win32
		{54B4E5F6-4028-4C9D-8D85-B5FAA3BCAA9C}.Debug|x64.ActiveCfg = Debug|x64
		{54B4E5F6-4028-4C9D-8D85-B5FAA3BCAA9C}.Debug|x64.Build.0 = Debug|x64
		{54B4E5F6-4028-4C9D-8D85-B5FAA3BCAA9C}.Debug|x64.Deploy.0 = Debug|x64
		{54B4E5F6-4028-4C9D-8D85-B5FAA3BCAA9C}.Release|Win32.ActiveCfg = Release|Win32
		{54B4E5F6-4028-4C9D-8D85-B5FAA3BCAA9C}.Release|Win32.Build.0 = Release|Win32
		{54B4E5F6-4028-4C9D-8D85-B5FAA3BCAA9C}.Release|Win32.Deploy.0 = Release|Win32
		{54B4E5F6-4028-4C9D-8D85-B5FAA3BCAA9C}.Release|x64.ActiveCfg = Release|x64
		{54B4E5F6-4028-4C9D-8D85-B5FAA3BCAA9C}.Release|x64.Build.0 = Release|x64
		{54B4E5F6-4028-4C9D-8D85-B5FAA3BCAA9C}.Release|x64.Deploy.0 = Release|x64
		{2C94C609-292F-415F-97E9-324EE9D803C6}.Debug|Win32.ActiveCfg = Debug|Win32
		{2C94C609-292F-415F-97E9-324EE9D803C6}.Debug|Win32.Build.0 = Debug|Win32
		{2C94C609-292F-415F-97E9-324EE9D803C6}.Debug|Win32.Deploy.0 = Debug|Win32
		{2C94C609-292F-415F-97E9-324EE9D803C6}.Debug|x64.ActiveCfg = Debug|x64
		{2C94C609-292F-415F-97E9-324EE9D803C6}.Debug|x64.Build.0 = Debug|x64
		{2C94C609-292F-415F-97E9-324EE9D803C6}.Debug|x64.Deploy.0 = Debug|x64
		{2C94C609-292F-415F-97E9-324EE9D803C6}.Release|Win32.ActiveCfg = Release|Win32
		{2C94C609-292F-415F-97E9-324EE9D803C6}.Release|Win32.Build.0 = Release|Win32
		{2C94C609-292F-415F-97E9-324EE9D803C6}.Release|Win32.Deploy.0 = Release|Win32
		{2C94C609-292F-415F-97E9-324EE9D803C6}.Release|x64.ActiveCfg = Release|x64
		{2C94C609-292F-415F-97E9-324EE9D803C6}.Release|x64.Build.0 = Release|x64
		{2C94C609-292F-415F-97E9-324EE9D803C6}.Release|x64.Deploy.0 = Release|x64
		{4CB7DB7E-3B2B-4E9F-81A8-530C7CD0DB53}.Debug|Win32.ActiveCfg = Debug|Win32
		{4CB7DB7E-3B2B-4E9F-81A8-530C7CD0DB53}.Debug|Win32.Build.0 = Debug|Win32
		{4CB7DB7E-3B2B-4E9F-81A8-530C7CD0DB53}.Debug|Win32.Deploy.0 = Debug|Win32
		{4CB7DB7E-3B2B-4E9F-81A8-530C7CD0DB53}.Debug|x64.ActiveCfg = Debug|x64
		{4CB7DB7E-3B2B-4E9F-81A8-530C7CD0DB53}.Debug|x64.Build.0 = Debug|x64
		{4CB7DB7E-3B2B-4E9F-81A8-530C7CD0DB53}.Debug|x64.Deploy.0 = Debug|x64
		{4CB7DB7E-3B2B-4E9F-81A8-530C7CD0DB53}.Release|Win32.ActiveCfg = Release|Win32
		{4CB7DB7E-3B2B-4E9F-81A8-530C7CD0DB53}.Release|Win32.Build.0 = Release|Win32
		{4CB7DB7E-3B2B-4E9F-81A8-530C7CD0DB53}.Release|Win32.Deploy.0 = Release|Win32
		{4CB7DB7E-3B2B-4E9F-81A8-530C7CD0DB53}.Release|x64.ActiveCfg = Release|x64
		{4CB7DB7E-3B2B-4E9F-81A8-530C7CD0DB53}.Release|x64.Build.0 = Release|x64
		{4CB7DB7E-3B2B-4E9F-81A8-530C7CD0DB53}.Release|x64.Deploy.0 = Release|x64
		{C223E5D3-A10B-4EE5-BA55-0937B650E9A5}.Debug|Win32.ActiveCfg = Debug|Win32
		{C223E5D3-A10B-4EE5-BA55-0937B650E9A5}.Debug|Win32.Build.0 = Debug|Win32
		{C223E5D3-A10B-4EE5-BA55-0937B650E9A5}.Debug|Win32.Deploy.0 = Debug|Win32
		{C223E5D3-A10B-4EE5-BA55-0937B650E9A5}.Debug|x64.ActiveCfg = Debug|x64
		{C223E5D3-A10B-4EE5-BA55-0937B650E9A5}.Debug|x64.Build.0 = Debug|x64
		{C223E5D3-A10B-4EE5-BA55-0937B650E9A5}.Debug|x64.Deploy.0 = Debug|x64
		{C223E5D3-A10B-4EE5-BA55-0937B650E9A5}.Release|Win32.ActiveCfg = Release|Win32
		{C223E5D3-A10B-4EE5-BA55-0937B650E9A5}.Release|Win32.Build.0 = Release|Win32
		{C223E5D3-A10B-4EE5-BA55-0937B650E9A5}.Release|Win32.Deploy.0 = Release|Win32
		{C223E5D3-A10B-4EE5-BA55-0937B650E9A5}.Release|x64.ActiveCfg = Release|x64
		{C223E5D3-A10B-4EE5-BA55-0937B650E9A5}.Release|x64.Build.0 = Release|x64
		{C223E5D3-A10B-4EE5-BA55-0937B650E9A5}.Release|x64.Deploy.0 = Release|x64
		{69D71B61-39FC-4FEF-8D20-34704E1CDE2F}.Debug|Win32.ActiveCfg = Debug|Win32
		{69D71B61-39FC-4FEF-8D20-34704E1CDE2F}.Debug|Win32.Build.0 = Debug|Win32
		{69D71B61-39FC-4FEF-8D20-34704E1CDE2F}.Debug|Win32.Deploy.0 = Debug|Win32
		{69D71B61-39FC-4FEF-8D20-34704E1CDE2F}.Debug|x64.ActiveCfg = Debug|x64
		{69D71B61-39FC-4FEF-8D20-34704E1CDE2F}.Debug|x64.Build.0 = Debug|x64
		{69D71B61-39FC-4FEF-8D20-34704E1CDE2F}.Debug|x64.Deploy.0 = Debug|x64
		{69D71B61-39FC-4FEF-8D20-34704E1CDE2F}.Release|Win32.ActiveCfg = Release|Win32
		{69D71B61-39FC-4FEF-8D20-34704E1CDE2F}.Release|Win32.Build.0 = Release|Win32
		{69D71B61-39FC-4FEF-8D20-34704E1CDE2F}.Release|Win32.Deploy.0 = Release|Win32
		{69D71B61-39FC-4FEF-8D20-34704E1CDE2F}.Release|x64.ActiveCfg = Release|x64
		{69D71B61-39FC-4FEF-8D20-34704E1CDE2F}.Release|x64.Build.0 = Release|x64
		{69D71B61-39FC-4FEF-8D20-34704E1CDE2F}.Release|x64.Deploy.0 = Release|x64
		{289E7B16-5D5A-45A1-8BEA-86F7230D29BF}.Debug|Win32.ActiveCfg = Debug|Win32
		{289E7B16-5D5A-45A1-8BEA-86F7230D29BF}.Debug|Win32.Build.0 = Debug|Win32
		{289E7B16-5D5A-45A1-8BEA-86F7230D29BF}.Debug|Win32.Deploy.0 = Debug|Win32
		{289E7B16-5D5A-45A1-8BEA-86F7230D29BF}.Debug|x64.ActiveCfg = Debug|x64
		{289E7B16-5D5A-45A1-8BEA-86F7230D29BF}.Debug|x64.Build.0 = Debug|x64
		{289E7B16-5D5A-45A1-8BEA-86F7230D29BF}.Debug|x64.Deploy.0 = Debug|x64
		{289E7B16-5D5A-45A1-8BEA-86F7230D29BF}.Release|Win32.ActiveCfg = Release|Win32
		{289E7B16-5D5A-45A1-8BEA-86F7230D29BF}.Release|Win32.Build.0 = Release|Win32
		{289E7B16-5D5A-45A1-8BEA-86F7230D29BF}.Release|Win32.Deploy.0 = Release|Win32
		{289E7B16-5D5A-45A1-8BEA-86F7230D29BF}.Release|x64.ActiveCfg = Release|x64
		{289E7B16-5D5A-45A1-8BEA-86F7230D29BF}.Release|x64.Build.0 = Release|x64
		{289E7B16-5D5A-45A1-8BEA-86F7230D29BF}.Release|x64.Deploy.0 = Release|x64
		{835D5888-B957-49A2-8A3E-6192DD594AD4}.Debug|Win32.ActiveCfg = Debug|Win32
		{835D5888-B957-49A2-8A3E-6192DD594AD4}.Debug|Win32.Build.0 = Debug|Win32
		{835D5888-B957-49A2-8A3E-6192DD594AD4}.Debug|Win32.Deploy.0 = Debug|Win32
		{835D5888-B957-49A2-8A3E-6192DD594AD4}.Debug|x64.ActiveCfg = Debug|x64
		{835D5888-B957-49A2-8A3E-6192DD594AD4}.Debug|x64.Build.0 = Debug|x64
		{835D5888-B957-49A2-8A3E-6192DD594AD4}.Debug|x64.Deploy.0 = Debug|x64
		{835D5888-B957-49A2-8A3E-6192DD594AD4}.Release|Win32.ActiveCfg = Release|Win32
		{835D5888-B957-49A2-8A3E-6192DD594AD4}.Release|Win32.Build.0 = Release|Win32
		{835D5888-B957-49A2-8A3E-6192DD594AD4}.Release|Win32.Deploy.0 = Release|Win32
		{835D5888-B957-49A2-8A3E-6192DD594AD4}.Release|x64.ActiveCfg = Release|x64
		{835D5888-B957-49A2-8A3E-6192DD594AD4}.Release|x64.Build.0 = Release|x64
		{835D5888-B957-49A2-8A3E-6192DD594AD4}.Release|x64.Deploy.0 = Release|x64
	EndGlobalSection
	GlobalSection(SolutionProperties) = preSolution
		HideSolutionNode = FALSE
	EndGlobalSection
EndGlobal
