<?xml version="1.0" encoding="utf-8"?>
<Project ToolsVersion="4.0" xmlns="http://schemas.microsoft.com/developer/msbuild/2003">
  <ItemGroup>
    <ClCompile Include="$(MSBuildThisFileDirectory)ColliderManager.cpp" />
    <ClCompile Include="$(MSBuildThisFileDirectory)Phantom.cpp" />
    <ClCompile Include="$(MSBuildThisFileDirectory)Phenomina.cpp" />
    <ClCompile Include="$(MSBuildThisFileDirectory)SceneGraph.cpp" />
    <ClCompile Include="$(MSBuildThisFileDirectory)StaticObject.cpp" />
    <ClCompile Include="$(MSBuildThisFileDirectory)TemporalEntity.cpp" />
    <ClCompile Include="$(MSBuildThisFileDirectory)PlayerKeyFrameData.cpp" />
  </ItemGroup>
  <ItemGroup>
    <ClInclude Include="$(MSBuildThisFileDirectory)ColliderManager.h" />
    <ClInclude Include="$(MSBuildThisFileDirectory)HandleObject.h" />
    <ClInclude Include="$(MSBuildThisFileDirectory)Phantom.h" />
    <ClInclude Include="$(MSBuildThisFileDirectory)Phenomina.h" />
    <ClInclude Include="$(MSBuildThisFileDirectory)SceneGraph.h" />
    <ClInclude Include="$(MSBuildThisFileDirectory)StaticObject.h" />
    <ClInclude Include="$(MSBuildThisFileDirectory)TemporalEntity.h" />
    <ClInclude Include="$(MSBuildThisFileDirectory)PlayerKeyFrameData.h" />
  </ItemGroup>
</Project>